
Microsoft Visual Studio Solution File, Format Version 12.00
# Visual Studio Version 17
VisualStudioVersion = 17.0.31903.59
MinimumVisualStudioVersion = 10.0.40219.1
Project("{FAE04EC0-301F-11D3-BF4B-00C04F79EFBC}") = "SalarySystem", "SalarySystem\SalarySystem.csproj", "{EC8CFFD9-7482-4957-9BD5-CB5687839A9D}"
EndProject
Project("{FAE04EC0-301F-11D3-BF4B-00C04F79EFBC}") = "SalarySystem.UnitTests", "SalarySystem.UnitTests\SalarySystem.UnitTests.csproj", "{91F1D277-4FBC-4FF3-ABA2-4F7A11AD58FB}"
EndProject
Global
	GlobalSection(SolutionConfigurationPlatforms) = preSolution
		Debug|Any CPU = Debug|Any CPU
		Release|Any CPU = Release|Any CPU
	EndGlobalSection
	GlobalSection(ProjectConfigurationPlatforms) = postSolution
		{EC8CFFD9-7482-4957-9BD5-CB5687839A9D}.Debug|Any CPU.ActiveCfg = Debug|Any CPU
		{EC8CFFD9-7482-4957-9BD5-CB5687839A9D}.Debug|Any CPU.Build.0 = Debug|Any CPU
		{EC8CFFD9-7482-4957-9BD5-CB5687839A9D}.Release|Any CPU.ActiveCfg = Release|Any CPU
		{EC8CFFD9-7482-4957-9BD5-CB5687839A9D}.Release|Any CPU.Build.0 = Release|Any CPU
		{91F1D277-4FBC-4FF3-ABA2-4F7A11AD58FB}.Debug|Any CPU.ActiveCfg = Debug|Any CPU
		{91F1D277-4FBC-4FF3-ABA2-4F7A11AD58FB}.Debug|Any CPU.Build.0 = Debug|Any CPU
		{91F1D277-4FBC-4FF3-ABA2-4F7A11AD58FB}.Release|Any CPU.ActiveCfg = Release|Any CPU
		{91F1D277-4FBC-4FF3-ABA2-4F7A11AD58FB}.Release|Any CPU.Build.0 = Release|Any CPU
	EndGlobalSection
	GlobalSection(SolutionProperties) = preSolution
		HideSolutionNode = FALSE
	EndGlobalSection
	GlobalSection(ExtensibilityGlobals) = postSolution
		SolutionGuid = {7BF2AD15-ED92-419F-9709-A41D7D8E199E}
	EndGlobalSection
EndGlobal
